
Microsoft Visual Studio Solution File, Format Version 12.00
# Visual Studio 15
VisualStudioVersion = 15.0.26228.4
MinimumVisualStudioVersion = 10.0.40219.1
Project("{FAE04EC0-301F-11D3-BF4B-00C04F79EFBC}") = "Lesson_2", "Lesson_2\Lesson_2.csproj", "{7BC4D06C-2801-4F6E-9D26-404348DDC7F7}"
EndProject
Project("{FAE04EC0-301F-11D3-BF4B-00C04F79EFBC}") = "Lesson_3", "Lesson_3\Lesson_3.csproj", "{91BDE8F2-5469-4D27-B7CB-65B1B8F731E6}"
EndProject
Project("{FAE04EC0-301F-11D3-BF4B-00C04F79EFBC}") = "Lesson_4", "Lesson_4\Lesson_4.csproj", "{875B8F63-391C-4F26-9362-69BC23445797}"
EndProject
Project("{FAE04EC0-301F-11D3-BF4B-00C04F79EFBC}") = "Lesson_3_Tasks", "Lesson_3_Tasks\Lesson_3_Tasks.csproj", "{E9A5C2BE-6E7F-4654-BED8-862B9D5EA4C1}"
EndProject
Project("{FAE04EC0-301F-11D3-BF4B-00C04F79EFBC}") = "Lesson_4_Tasks", "Lesson_4_Tasks\Lesson_4_Tasks.csproj", "{2D93D8AF-5E74-41EE-A3FD-79F137BCBD40}"
EndProject
Project("{FAE04EC0-301F-11D3-BF4B-00C04F79EFBC}") = "Lesson_6", "Lesson_6\Lesson_6.csproj", "{3916FFEF-142E-4F29-AE8D-89B7C3BCA7D2}"
EndProject
Project("{FAE04EC0-301F-11D3-BF4B-00C04F79EFBC}") = "Lesson_7", "Lesson_7\Lesson_7.csproj", "{354117C7-9F2C-4E5B-A559-FF6FB33818B6}"
EndProject
Project("{FAE04EC0-301F-11D3-BF4B-00C04F79EFBC}") = "Lesson_8", "Lesson_8\Lesson_8.csproj", "{75763AD4-168A-4426-B692-707A772ABAE0}"
EndProject
Project("{FAE04EC0-301F-11D3-BF4B-00C04F79EFBC}") = "Lesson_11", "Lesson_11\Lesson_11.csproj", "{639A0227-2BE0-4F47-9657-2A33C1537329}"
EndProject
Project("{FAE04EC0-301F-11D3-BF4B-00C04F79EFBC}") = "ClassesLibrary", "ClassesLibrary\ClassesLibrary.csproj", "{7441AA4E-97B6-4671-A9C5-1196DB12C913}"
EndProject
Project("{FAE04EC0-301F-11D3-BF4B-00C04F79EFBC}") = "Lesson_12", "Lesson_12\Lesson_12.csproj", "{6CC8C828-8239-4F17-87D4-11C52B4C83DE}"
EndProject
Project("{FAE04EC0-301F-11D3-BF4B-00C04F79EFBC}") = "Lesson_13", "Lesson_13\Lesson_13.csproj", "{6388318A-D187-44EF-9E80-ABD03FACA3DF}"
EndProject
Project("{FAE04EC0-301F-11D3-BF4B-00C04F79EFBC}") = "Lesson_14", "Lesson_14\Lesson_14.csproj", "{62B1D57A-8249-4C4A-B617-D99F90EF5D2C}"
EndProject
Project("{FAE04EC0-301F-11D3-BF4B-00C04F79EFBC}") = "Lesson_15", "Lesson_15\Lesson_15.csproj", "{C827E701-AD89-4B04-B203-B1DB682C9F98}"
EndProject
Project("{FAE04EC0-301F-11D3-BF4B-00C04F79EFBC}") = "Lesson_18", "Lesson_18\Lesson_18.csproj", "{36F14ABC-5C8A-4542-8CB5-258914D3252F}"
EndProject
Global
	GlobalSection(SolutionConfigurationPlatforms) = preSolution
		Debug|Any CPU = Debug|Any CPU
		Release|Any CPU = Release|Any CPU
	EndGlobalSection
	GlobalSection(ProjectConfigurationPlatforms) = postSolution
		{7BC4D06C-2801-4F6E-9D26-404348DDC7F7}.Debug|Any CPU.ActiveCfg = Debug|Any CPU
		{7BC4D06C-2801-4F6E-9D26-404348DDC7F7}.Debug|Any CPU.Build.0 = Debug|Any CPU
		{7BC4D06C-2801-4F6E-9D26-404348DDC7F7}.Release|Any CPU.ActiveCfg = Release|Any CPU
		{7BC4D06C-2801-4F6E-9D26-404348DDC7F7}.Release|Any CPU.Build.0 = Release|Any CPU
		{91BDE8F2-5469-4D27-B7CB-65B1B8F731E6}.Debug|Any CPU.ActiveCfg = Debug|Any CPU
		{91BDE8F2-5469-4D27-B7CB-65B1B8F731E6}.Debug|Any CPU.Build.0 = Debug|Any CPU
		{91BDE8F2-5469-4D27-B7CB-65B1B8F731E6}.Release|Any CPU.ActiveCfg = Release|Any CPU
		{91BDE8F2-5469-4D27-B7CB-65B1B8F731E6}.Release|Any CPU.Build.0 = Release|Any CPU
		{875B8F63-391C-4F26-9362-69BC23445797}.Debug|Any CPU.ActiveCfg = Debug|Any CPU
		{875B8F63-391C-4F26-9362-69BC23445797}.Debug|Any CPU.Build.0 = Debug|Any CPU
		{875B8F63-391C-4F26-9362-69BC23445797}.Release|Any CPU.ActiveCfg = Release|Any CPU
		{875B8F63-391C-4F26-9362-69BC23445797}.Release|Any CPU.Build.0 = Release|Any CPU
		{E9A5C2BE-6E7F-4654-BED8-862B9D5EA4C1}.Debug|Any CPU.ActiveCfg = Debug|Any CPU
		{E9A5C2BE-6E7F-4654-BED8-862B9D5EA4C1}.Debug|Any CPU.Build.0 = Debug|Any CPU
		{E9A5C2BE-6E7F-4654-BED8-862B9D5EA4C1}.Release|Any CPU.ActiveCfg = Release|Any CPU
		{E9A5C2BE-6E7F-4654-BED8-862B9D5EA4C1}.Release|Any CPU.Build.0 = Release|Any CPU
		{2D93D8AF-5E74-41EE-A3FD-79F137BCBD40}.Debug|Any CPU.ActiveCfg = Debug|Any CPU
		{2D93D8AF-5E74-41EE-A3FD-79F137BCBD40}.Debug|Any CPU.Build.0 = Debug|Any CPU
		{2D93D8AF-5E74-41EE-A3FD-79F137BCBD40}.Release|Any CPU.ActiveCfg = Release|Any CPU
		{2D93D8AF-5E74-41EE-A3FD-79F137BCBD40}.Release|Any CPU.Build.0 = Release|Any CPU
		{3916FFEF-142E-4F29-AE8D-89B7C3BCA7D2}.Debug|Any CPU.ActiveCfg = Debug|Any CPU
		{3916FFEF-142E-4F29-AE8D-89B7C3BCA7D2}.Debug|Any CPU.Build.0 = Debug|Any CPU
		{3916FFEF-142E-4F29-AE8D-89B7C3BCA7D2}.Release|Any CPU.ActiveCfg = Release|Any CPU
		{3916FFEF-142E-4F29-AE8D-89B7C3BCA7D2}.Release|Any CPU.Build.0 = Release|Any CPU
		{354117C7-9F2C-4E5B-A559-FF6FB33818B6}.Debug|Any CPU.ActiveCfg = Debug|Any CPU
		{354117C7-9F2C-4E5B-A559-FF6FB33818B6}.Debug|Any CPU.Build.0 = Debug|Any CPU
		{354117C7-9F2C-4E5B-A559-FF6FB33818B6}.Release|Any CPU.ActiveCfg = Release|Any CPU
		{354117C7-9F2C-4E5B-A559-FF6FB33818B6}.Release|Any CPU.Build.0 = Release|Any CPU
		{75763AD4-168A-4426-B692-707A772ABAE0}.Debug|Any CPU.ActiveCfg = Debug|Any CPU
		{75763AD4-168A-4426-B692-707A772ABAE0}.Debug|Any CPU.Build.0 = Debug|Any CPU
		{75763AD4-168A-4426-B692-707A772ABAE0}.Release|Any CPU.ActiveCfg = Release|Any CPU
		{75763AD4-168A-4426-B692-707A772ABAE0}.Release|Any CPU.Build.0 = Release|Any CPU
		{639A0227-2BE0-4F47-9657-2A33C1537329}.Debug|Any CPU.ActiveCfg = Debug|Any CPU
		{639A0227-2BE0-4F47-9657-2A33C1537329}.Debug|Any CPU.Build.0 = Debug|Any CPU
		{639A0227-2BE0-4F47-9657-2A33C1537329}.Release|Any CPU.ActiveCfg = Release|Any CPU
		{639A0227-2BE0-4F47-9657-2A33C1537329}.Release|Any CPU.Build.0 = Release|Any CPU
		{7441AA4E-97B6-4671-A9C5-1196DB12C913}.Debug|Any CPU.ActiveCfg = Debug|Any CPU
		{7441AA4E-97B6-4671-A9C5-1196DB12C913}.Debug|Any CPU.Build.0 = Debug|Any CPU
		{7441AA4E-97B6-4671-A9C5-1196DB12C913}.Release|Any CPU.ActiveCfg = Release|Any CPU
		{7441AA4E-97B6-4671-A9C5-1196DB12C913}.Release|Any CPU.Build.0 = Release|Any CPU
		{6CC8C828-8239-4F17-87D4-11C52B4C83DE}.Debug|Any CPU.ActiveCfg = Debug|Any CPU
		{6CC8C828-8239-4F17-87D4-11C52B4C83DE}.Debug|Any CPU.Build.0 = Debug|Any CPU
		{6CC8C828-8239-4F17-87D4-11C52B4C83DE}.Release|Any CPU.ActiveCfg = Release|Any CPU
		{6CC8C828-8239-4F17-87D4-11C52B4C83DE}.Release|Any CPU.Build.0 = Release|Any CPU
		{6388318A-D187-44EF-9E80-ABD03FACA3DF}.Debug|Any CPU.ActiveCfg = Debug|Any CPU
		{6388318A-D187-44EF-9E80-ABD03FACA3DF}.Debug|Any CPU.Build.0 = Debug|Any CPU
		{6388318A-D187-44EF-9E80-ABD03FACA3DF}.Release|Any CPU.ActiveCfg = Release|Any CPU
		{6388318A-D187-44EF-9E80-ABD03FACA3DF}.Release|Any CPU.Build.0 = Release|Any CPU
		{62B1D57A-8249-4C4A-B617-D99F90EF5D2C}.Debug|Any CPU.ActiveCfg = Debug|Any CPU
		{62B1D57A-8249-4C4A-B617-D99F90EF5D2C}.Debug|Any CPU.Build.0 = Debug|Any CPU
		{62B1D57A-8249-4C4A-B617-D99F90EF5D2C}.Release|Any CPU.ActiveCfg = Release|Any CPU
		{62B1D57A-8249-4C4A-B617-D99F90EF5D2C}.Release|Any CPU.Build.0 = Release|Any CPU
		{C827E701-AD89-4B04-B203-B1DB682C9F98}.Debug|Any CPU.ActiveCfg = Debug|Any CPU
		{C827E701-AD89-4B04-B203-B1DB682C9F98}.Debug|Any CPU.Build.0 = Debug|Any CPU
		{C827E701-AD89-4B04-B203-B1DB682C9F98}.Release|Any CPU.ActiveCfg = Release|Any CPU
		{C827E701-AD89-4B04-B203-B1DB682C9F98}.Release|Any CPU.Build.0 = Release|Any CPU
		{36F14ABC-5C8A-4542-8CB5-258914D3252F}.Debug|Any CPU.ActiveCfg = Debug|Any CPU
		{36F14ABC-5C8A-4542-8CB5-258914D3252F}.Debug|Any CPU.Build.0 = Debug|Any CPU
		{36F14ABC-5C8A-4542-8CB5-258914D3252F}.Release|Any CPU.ActiveCfg = Release|Any CPU
		{36F14ABC-5C8A-4542-8CB5-258914D3252F}.Release|Any CPU.Build.0 = Release|Any CPU
	EndGlobalSection
	GlobalSection(SolutionProperties) = preSolution
		HideSolutionNode = FALSE
	EndGlobalSection
EndGlobal
